[{<<"eqwalizer_support">>,
  {git_subdir,"https://github.com/whatsapp/erlang-language-platform.git",
              {ref,"7d5b0a46603ae3069285451fbd84870bd31bb41d"},
              "eqwalizer/eqwalizer_support"},
  0},
 {<<"errm_json">>,
  {git,"https://github.com/h4rldev/errm-JSON",
       {ref,"53443369c99060687bf034db9b6ed931c0d4b107"}},
  0},
 {<<"errm_uuid">>,
  {git,"https://github.com/h4rldev/errm-UUID",
       {ref,"a52440ccd6c8bb9c6b09d9db4d13071854589703"}},
  0}].
